
Microsoft Visual Studio Solution File, Format Version 12.00
# Visual Studio Version 17
VisualStudioVersion = 17.1.32210.238
MinimumVisualStudioVersion = 10.0.40219.1
Project("{FAE04EC0-301F-11D3-BF4B-00C04F79EFBC}") = "PictureSlideshowScreensaver", "PictureSlideshowScreensaver\PictureSlideshowScreensaver.csproj", "{7DAFC32F-B167-417F-BDA0-BE089C6D7BD5}"
EndProject
Project("{2150E333-8FDC-42A3-9474-1A3956D46DE8}") = "Solution Items", "Solution Items", "{4AE87F7E-8EB5-45A1-8131-DCB1549FF56D}"
	ProjectSection(SolutionItems) = preProject
		.editorconfig = .editorconfig
	EndProjectSection
EndProject
Project("{FAE04EC0-301F-11D3-BF4B-00C04F79EFBC}") = "WeatherCollector", "WeatherCollector\WeatherCollector.csproj", "{AB9E7335-6F8A-4C73-8EAB-79C1A754250A}"
EndProject
Project("{FAE04EC0-301F-11D3-BF4B-00C04F79EFBC}") = "WeatherCrawler", "WeatherCrawler\WeatherCrawler.csproj", "{51A70E1C-22A7-4043-ADAE-F7246CA7ED10}"
EndProject
Project("{9A19103F-16F7-4668-BE54-9A1E7A4F7556}") = "SlideshowLouncher", "SlideshowLouncher\SlideshowLouncher.csproj", "{DC11E5E2-3542-4EB3-B9CC-31C209031985}"
EndProject
Project("{FAE04EC0-301F-11D3-BF4B-00C04F79EFBC}") = "GeoTagger", "GeoTagger\GeoTagger.csproj", "{E8B17C3F-9D4A-4F62-A7C1-5F8E6D2B9A03}"
EndProject
Project("{FAE04EC0-301F-11D3-BF4B-00C04F79EFBC}") = "YAPS.Core", "YAPS.Core\YAPS.Core.csproj", "{EB962779-45CF-46CC-B3D8-46624DF22904}"
EndProject
Project("{FAE04EC0-301F-11D3-BF4B-00C04F79EFBC}") = "YAPS.Infrastructure", "YAPS.Infrastructure\YAPS.Infrastructure.csproj", "{F3FCB4EB-82F2-4357-8F42-2BBD25332646}"
EndProject
Project("{FAE04EC0-301F-11D3-BF4B-00C04F79EFBC}") = "OrientationTagger", "OrientationTagger\OrientationTagger.csproj", "{7B40A5B4-41EA-4A75-A1F8-D7B41DB6AFAE}"
EndProject
Global
	GlobalSection(SolutionConfigurationPlatforms) = preSolution
		Debug|Any CPU = Debug|Any CPU
		Debug|x64 = Debug|x64
		Debug|x86 = Debug|x86
		Release|Any CPU = Release|Any CPU
		Release|x64 = Release|x64
		Release|x86 = Release|x86
	EndGlobalSection
	GlobalSection(ProjectConfigurationPlatforms) = postSolution
		{7DAFC32F-B167-417F-BDA0-BE089C6D7BD5}.Debug|Any CPU.ActiveCfg = Debug|Any CPU
		{7DAFC32F-B167-417F-BDA0-BE089C6D7BD5}.Debug|Any CPU.Build.0 = Debug|Any CPU
		{7DAFC32F-B167-417F-BDA0-BE089C6D7BD5}.Debug|x64.ActiveCfg = Debug|Any CPU
		{7DAFC32F-B167-417F-BDA0-BE089C6D7BD5}.Debug|x64.Build.0 = Debug|Any CPU
		{7DAFC32F-B167-417F-BDA0-BE089C6D7BD5}.Debug|x86.ActiveCfg = Debug|Any CPU
		{7DAFC32F-B167-417F-BDA0-BE089C6D7BD5}.Debug|x86.Build.0 = Debug|Any CPU
		{7DAFC32F-B167-417F-BDA0-BE089C6D7BD5}.Release|Any CPU.ActiveCfg = Release|Any CPU
		{7DAFC32F-B167-417F-BDA0-BE089C6D7BD5}.Release|Any CPU.Build.0 = Release|Any CPU
		{7DAFC32F-B167-417F-BDA0-BE089C6D7BD5}.Release|x64.ActiveCfg = Release|Any CPU
		{7DAFC32F-B167-417F-BDA0-BE089C6D7BD5}.Release|x64.Build.0 = Release|Any CPU
		{7DAFC32F-B167-417F-BDA0-BE089C6D7BD5}.Release|x86.ActiveCfg = Release|Any CPU
		{7DAFC32F-B167-417F-BDA0-BE089C6D7BD5}.Release|x86.Build.0 = Release|Any CPU
		{AB9E7335-6F8A-4C73-8EAB-79C1A754250A}.Debug|Any CPU.ActiveCfg = Debug|Any CPU
		{AB9E7335-6F8A-4C73-8EAB-79C1A754250A}.Debug|Any CPU.Build.0 = Debug|Any CPU
		{AB9E7335-6F8A-4C73-8EAB-79C1A754250A}.Debug|x64.ActiveCfg = Debug|Any CPU
		{AB9E7335-6F8A-4C73-8EAB-79C1A754250A}.Debug|x64.Build.0 = Debug|Any CPU
		{AB9E7335-6F8A-4C73-8EAB-79C1A754250A}.Debug|x86.ActiveCfg = Debug|Any CPU
		{AB9E7335-6F8A-4C73-8EAB-79C1A754250A}.Debug|x86.Build.0 = Debug|Any CPU
		{AB9E7335-6F8A-4C73-8EAB-79C1A754250A}.Release|Any CPU.ActiveCfg = Release|Any CPU
		{AB9E7335-6F8A-4C73-8EAB-79C1A754250A}.Release|Any CPU.Build.0 = Release|Any CPU
		{AB9E7335-6F8A-4C73-8EAB-79C1A754250A}.Release|x64.ActiveCfg = Release|Any CPU
		{AB9E7335-6F8A-4C73-8EAB-79C1A754250A}.Release|x64.Build.0 = Release|Any CPU
		{AB9E7335-6F8A-4C73-8EAB-79C1A754250A}.Release|x86.ActiveCfg = Release|Any CPU
		{AB9E7335-6F8A-4C73-8EAB-79C1A754250A}.Release|x86.Build.0 = Release|Any CPU
		{51A70E1C-22A7-4043-ADAE-F7246CA7ED10}.Debug|Any CPU.ActiveCfg = Debug|Any CPU
		{51A70E1C-22A7-4043-ADAE-F7246CA7ED10}.Debug|Any CPU.Build.0 = Debug|Any CPU
		{51A70E1C-22A7-4043-ADAE-F7246CA7ED10}.Debug|x64.ActiveCfg = Debug|Any CPU
		{51A70E1C-22A7-4043-ADAE-F7246CA7ED10}.Debug|x64.Build.0 = Debug|Any CPU
		{51A70E1C-22A7-4043-ADAE-F7246CA7ED10}.Debug|x86.ActiveCfg = Debug|Any CPU
		{51A70E1C-22A7-4043-ADAE-F7246CA7ED10}.Debug|x86.Build.0 = Debug|Any CPU
		{51A70E1C-22A7-4043-ADAE-F7246CA7ED10}.Release|Any CPU.ActiveCfg = Release|Any CPU
		{51A70E1C-22A7-4043-ADAE-F7246CA7ED10}.Release|Any CPU.Build.0 = Release|Any CPU
		{51A70E1C-22A7-4043-ADAE-F7246CA7ED10}.Release|x64.ActiveCfg = Release|Any CPU
		{51A70E1C-22A7-4043-ADAE-F7246CA7ED10}.Release|x64.Build.0 = Release|Any CPU
		{51A70E1C-22A7-4043-ADAE-F7246CA7ED10}.Release|x86.ActiveCfg = Release|Any CPU
		{51A70E1C-22A7-4043-ADAE-F7246CA7ED10}.Release|x86.Build.0 = Release|Any CPU
		{DC11E5E2-3542-4EB3-B9CC-31C209031985}.Debug|Any CPU.ActiveCfg = Debug|Any CPU
		{DC11E5E2-3542-4EB3-B9CC-31C209031985}.Debug|Any CPU.Build.0 = Debug|Any CPU
		{DC11E5E2-3542-4EB3-B9CC-31C209031985}.Debug|x64.ActiveCfg = Debug|Any CPU
		{DC11E5E2-3542-4EB3-B9CC-31C209031985}.Debug|x64.Build.0 = Debug|Any CPU
		{DC11E5E2-3542-4EB3-B9CC-31C209031985}.Debug|x86.ActiveCfg = Debug|Any CPU
		{DC11E5E2-3542-4EB3-B9CC-31C209031985}.Debug|x86.Build.0 = Debug|Any CPU
		{DC11E5E2-3542-4EB3-B9CC-31C209031985}.Release|Any CPU.ActiveCfg = Release|Any CPU
		{DC11E5E2-3542-4EB3-B9CC-31C209031985}.Release|Any CPU.Build.0 = Release|Any CPU
		{DC11E5E2-3542-4EB3-B9CC-31C209031985}.Release|x64.ActiveCfg = Release|Any CPU
		{DC11E5E2-3542-4EB3-B9CC-31C209031985}.Release|x64.Build.0 = Release|Any CPU
		{DC11E5E2-3542-4EB3-B9CC-31C209031985}.Release|x86.ActiveCfg = Release|Any CPU
		{DC11E5E2-3542-4EB3-B9CC-31C209031985}.Release|x86.Build.0 = Release|Any CPU
		{E8B17C3F-9D4A-4F62-A7C1-5F8E6D2B9A03}.Debug|Any CPU.ActiveCfg = Debug|Any CPU
		{E8B17C3F-9D4A-4F62-A7C1-5F8E6D2B9A03}.Debug|Any CPU.Build.0 = Debug|Any CPU
		{E8B17C3F-9D4A-4F62-A7C1-5F8E6D2B9A03}.Debug|x64.ActiveCfg = Debug|Any CPU
		{E8B17C3F-9D4A-4F62-A7C1-5F8E6D2B9A03}.Debug|x64.Build.0 = Debug|Any CPU
		{E8B17C3F-9D4A-4F62-A7C1-5F8E6D2B9A03}.Debug|x86.ActiveCfg = Debug|Any CPU
		{E8B17C3F-9D4A-4F62-A7C1-5F8E6D2B9A03}.Debug|x86.Build.0 = Debug|Any CPU
		{E8B17C3F-9D4A-4F62-A7C1-5F8E6D2B9A03}.Release|Any CPU.ActiveCfg = Release|Any CPU
		{E8B17C3F-9D4A-4F62-A7C1-5F8E6D2B9A03}.Release|Any CPU.Build.0 = Release|Any CPU
		{E8B17C3F-9D4A-4F62-A7C1-5F8E6D2B9A03}.Release|x64.ActiveCfg = Release|Any CPU
		{E8B17C3F-9D4A-4F62-A7C1-5F8E6D2B9A03}.Release|x64.Build.0 = Release|Any CPU
		{E8B17C3F-9D4A-4F62-A7C1-5F8E6D2B9A03}.Release|x86.ActiveCfg = Release|Any CPU
		{E8B17C3F-9D4A-4F62-A7C1-5F8E6D2B9A03}.Release|x86.Build.0 = Release|Any CPU
		{EB962779-45CF-46CC-B3D8-46624DF22904}.Debug|Any CPU.ActiveCfg = Debug|Any CPU
		{EB962779-45CF-46CC-B3D8-46624DF22904}.Debug|Any CPU.Build.0 = Debug|Any CPU
		{EB962779-45CF-46CC-B3D8-46624DF22904}.Debug|x64.ActiveCfg = Debug|Any CPU
		{EB962779-45CF-46CC-B3D8-46624DF22904}.Debug|x64.Build.0 = Debug|Any CPU
		{EB962779-45CF-46CC-B3D8-46624DF22904}.Debug|x86.ActiveCfg = Debug|Any CPU
		{EB962779-45CF-46CC-B3D8-46624DF22904}.Debug|x86.Build.0 = Debug|Any CPU
		{EB962779-45CF-46CC-B3D8-46624DF22904}.Release|Any CPU.ActiveCfg = Release|Any CPU
		{EB962779-45CF-46CC-B3D8-46624DF22904}.Release|Any CPU.Build.0 = Release|Any CPU
		{EB962779-45CF-46CC-B3D8-46624DF22904}.Release|x64.ActiveCfg = Release|Any CPU
		{EB962779-45CF-46CC-B3D8-46624DF22904}.Release|x64.Build.0 = Release|Any CPU
		{EB962779-45CF-46CC-B3D8-46624DF22904}.Release|x86.ActiveCfg = Release|Any CPU
		{EB962779-45CF-46CC-B3D8-46624DF22904}.Release|x86.Build.0 = Release|Any CPU
		{F3FCB4EB-82F2-4357-8F42-2BBD25332646}.Debug|Any CPU.ActiveCfg = Debug|Any CPU
		{F3FCB4EB-82F2-4357-8F42-2BBD25332646}.Debug|Any CPU.Build.0 = Debug|Any CPU
		{F3FCB4EB-82F2-4357-8F42-2BBD25332646}.Debug|x64.ActiveCfg = Debug|Any CPU
		{F3FCB4EB-82F2-4357-8F42-2BBD25332646}.Debug|x64.Build.0 = Debug|Any CPU
		{F3FCB4EB-82F2-4357-8F42-2BBD25332646}.Debug|x86.ActiveCfg = Debug|Any CPU
		{F3FCB4EB-82F2-4357-8F42-2BBD25332646}.Debug|x86.Build.0 = Debug|Any CPU
		{F3FCB4EB-82F2-4357-8F42-2BBD25332646}.Release|Any CPU.ActiveCfg = Release|Any CPU
		{F3FCB4EB-82F2-4357-8F42-2BBD25332646}.Release|Any CPU.Build.0 = Release|Any CPU
		{F3FCB4EB-82F2-4357-8F42-2BBD25332646}.Release|x64.ActiveCfg = Release|Any CPU
		{F3FCB4EB-82F2-4357-8F42-2BBD25332646}.Release|x64.Build.0 = Release|Any CPU
		{F3FCB4EB-82F2-4357-8F42-2BBD25332646}.Release|x86.ActiveCfg = Release|Any CPU
		{F3FCB4EB-82F2-4357-8F42-2BBD25332646}.Release|x86.Build.0 = Release|Any CPU
		{7B40A5B4-41EA-4A75-A1F8-D7B41DB6AFAE}.Debug|Any CPU.ActiveCfg = Debug|Any CPU
		{7B40A5B4-41EA-4A75-A1F8-D7B41DB6AFAE}.Debug|Any CPU.Build.0 = Debug|Any CPU
		{7B40A5B4-41EA-4A75-A1F8-D7B41DB6AFAE}.Debug|x64.ActiveCfg = Debug|Any CPU
		{7B40A5B4-41EA-4A75-A1F8-D7B41DB6AFAE}.Debug|x64.Build.0 = Debug|Any CPU
		{7B40A5B4-41EA-4A75-A1F8-D7B41DB6AFAE}.Debug|x86.ActiveCfg = Debug|Any CPU
		{7B40A5B4-41EA-4A75-A1F8-D7B41DB6AFAE}.Debug|x86.Build.0 = Debug|Any CPU
		{7B40A5B4-41EA-4A75-A1F8-D7B41DB6AFAE}.Release|Any CPU.ActiveCfg = Release|Any CPU
		{7B40A5B4-41EA-4A75-A1F8-D7B41DB6AFAE}.Release|Any CPU.Build.0 = Release|Any CPU
		{7B40A5B4-41EA-4A75-A1F8-D7B41DB6AFAE}.Release|x64.ActiveCfg = Release|Any CPU
		{7B40A5B4-41EA-4A75-A1F8-D7B41DB6AFAE}.Release|x64.Build.0 = Release|Any CPU
		{7B40A5B4-41EA-4A75-A1F8-D7B41DB6AFAE}.Release|x86.ActiveCfg = Release|Any CPU
		{7B40A5B4-41EA-4A75-A1F8-D7B41DB6AFAE}.Release|x86.Build.0 = Release|Any CPU
	EndGlobalSection
	GlobalSection(SolutionProperties) = preSolution
		HideSolutionNode = FALSE
	EndGlobalSection
	GlobalSection(ExtensibilityGlobals) = postSolution
		SolutionGuid = {F0A539C7-4CEA-433C-9EE0-E9426D1D2257}
		VisualSVNWorkingCopyRoot = .
	EndGlobalSection
EndGlobal
