
Microsoft Visual Studio Solution File, Format Version 12.00
# Visual Studio Version 17
VisualStudioVersion = 17.1.32210.238
MinimumVisualStudioVersion = 10.0.40219.1
Project("{FAE04EC0-301F-11D3-BF4B-00C04F79EFBC}") = "PictureSlideshowScreensaver", "PictureSlideshowScreensaver\PictureSlideshowScreensaver.csproj", "{7DAFC32F-B167-417F-BDA0-BE089C6D7BD5}"
EndProject
Project("{2150E333-8FDC-42A3-9474-1A3956D46DE8}") = "Solution Items", "Solution Items", "{4AE87F7E-8EB5-45A1-8131-DCB1549FF56D}"
	ProjectSection(SolutionItems) = preProject
		.editorconfig = .editorconfig
	EndProjectSection
EndProject
Project("{FAE04EC0-301F-11D3-BF4B-00C04F79EFBC}") = "Weather", "Weather\Weather.csproj", "{829E8AD4-1702-4353-833D-D592208970CA}"
EndProject
Project("{FAE04EC0-301F-11D3-BF4B-00C04F79EFBC}") = "WeatherCollector", "WeatherCollector\WeatherCollector.csproj", "{AB9E7335-6F8A-4C73-8EAB-79C1A754250A}"
EndProject
Project("{FAE04EC0-301F-11D3-BF4B-00C04F79EFBC}") = "WeatherCrawler", "WeatherCrawler\WeatherCrawler.csproj", "{51A70E1C-22A7-4043-ADAE-F7246CA7ED10}"
EndProject
Global
	GlobalSection(SolutionConfigurationPlatforms) = preSolution
		Debug|x86 = Debug|x86
		Release|x86 = Release|x86
	EndGlobalSection
	GlobalSection(ProjectConfigurationPlatforms) = postSolution
		{7DAFC32F-B167-417F-BDA0-BE089C6D7BD5}.Debug|x86.ActiveCfg = Debug|x86
		{7DAFC32F-B167-417F-BDA0-BE089C6D7BD5}.Debug|x86.Build.0 = Debug|x86
		{7DAFC32F-B167-417F-BDA0-BE089C6D7BD5}.Release|x86.ActiveCfg = Release|x86
		{7DAFC32F-B167-417F-BDA0-BE089C6D7BD5}.Release|x86.Build.0 = Release|x86
		{829E8AD4-1702-4353-833D-D592208970CA}.Debug|x86.ActiveCfg = Debug|x86
		{829E8AD4-1702-4353-833D-D592208970CA}.Debug|x86.Build.0 = Debug|x86
		{829E8AD4-1702-4353-833D-D592208970CA}.Release|x86.ActiveCfg = Release|x86
		{829E8AD4-1702-4353-833D-D592208970CA}.Release|x86.Build.0 = Release|x86
		{AB9E7335-6F8A-4C73-8EAB-79C1A754250A}.Debug|x86.ActiveCfg = Debug|x86
		{AB9E7335-6F8A-4C73-8EAB-79C1A754250A}.Debug|x86.Build.0 = Debug|x86
		{AB9E7335-6F8A-4C73-8EAB-79C1A754250A}.Release|x86.ActiveCfg = Release|x86
		{AB9E7335-6F8A-4C73-8EAB-79C1A754250A}.Release|x86.Build.0 = Release|x86
		{51A70E1C-22A7-4043-ADAE-F7246CA7ED10}.Debug|x86.ActiveCfg = Debug|x86
		{51A70E1C-22A7-4043-ADAE-F7246CA7ED10}.Debug|x86.Build.0 = Debug|x86
		{51A70E1C-22A7-4043-ADAE-F7246CA7ED10}.Release|x86.ActiveCfg = Release|x86
		{51A70E1C-22A7-4043-ADAE-F7246CA7ED10}.Release|x86.Build.0 = Release|x86
	EndGlobalSection
	GlobalSection(SolutionProperties) = preSolution
		HideSolutionNode = FALSE
	EndGlobalSection
	GlobalSection(ExtensibilityGlobals) = postSolution
		VisualSVNWorkingCopyRoot = .
		SolutionGuid = {F0A539C7-4CEA-433C-9EE0-E9426D1D2257}
	EndGlobalSection
EndGlobal
